// !$*UTF8*$!
{
	archiveVersion = 1;
	classes = {
	};
	objectVersion = 46;
	objects = {

/* Begin PBXBuildFile section */
		042D71CE1D367FA0001EBFA2 /* MobileCoreServices.framework in Frameworks */ = {isa = PBXBuildFile; fileRef = 042D71CD1D367FA0001EBFA2 /* MobileCoreServices.framework */; };
		045C2D3D1D09BFA0005D910A /* MapViewController.swift in Sources */ = {isa = PBXBuildFile; fileRef = 045C2D3C1D09BFA0005D910A /* MapViewController.swift */; };
		045C2D3F1D09C390005D910A /* icon_close@2x.png in Resources */ = {isa = PBXBuildFile; fileRef = 045C2D3E1D09C390005D910A /* icon_close@2x.png */; };
		045C2D411D0A2901005D910A /* map_pin@2x.png in Resources */ = {isa = PBXBuildFile; fileRef = 045C2D401D0A2901005D910A /* map_pin@2x.png */; };
		0471BD481D18416800429FD4 /* icon_back@2x.png in Resources */ = {isa = PBXBuildFile; fileRef = 0471BD471D18416800429FD4 /* icon_back@2x.png */; };
		0475BB551D177BC2007F8554 /* ConfirmViewController.swift in Sources */ = {isa = PBXBuildFile; fileRef = 0475BB541D177BC2007F8554 /* ConfirmViewController.swift */; };
		04A1F0541D30CD1E00EB0998 /* vip@2x.png in Resources */ = {isa = PBXBuildFile; fileRef = 04A1F0531D30CD1E00EB0998 /* vip@2x.png */; };
		04A4D5051D212FDB00FF9D64 /* delivery.png in Resources */ = {isa = PBXBuildFile; fileRef = 04A4D5041D212FDB00FF9D64 /* delivery.png */; };
		04A4D5251D21DCD600FF9D64 /* AutoCompleteTextField.swift in Sources */ = {isa = PBXBuildFile; fileRef = 04A4D5241D21DCD600FF9D64 /* AutoCompleteTextField.swift */; };
		04A4D5291D21DD6500FF9D64 /* GooglePlacesAutocomplete.swift in Sources */ = {isa = PBXBuildFile; fileRef = 04A4D5271D21DD6500FF9D64 /* GooglePlacesAutocomplete.swift */; };
		04A4D52A1D21DD6500FF9D64 /* GooglePlacesAutocomplete.xib in Resources */ = {isa = PBXBuildFile; fileRef = 04A4D5281D21DD6500FF9D64 /* GooglePlacesAutocomplete.xib */; };
		04A599FE1D06F13D0048325D /* AppData.swift in Sources */ = {isa = PBXBuildFile; fileRef = 04A599FD1D06F13D0048325D /* AppData.swift */; };
		04C628C91D061DF5007B68F6 /* AppDelegate.swift in Sources */ = {isa = PBXBuildFile; fileRef = 04C628C81D061DF5007B68F6 /* AppDelegate.swift */; };
		04C628CE1D061DF5007B68F6 /* Main.storyboard in Resources */ = {isa = PBXBuildFile; fileRef = 04C628CC1D061DF5007B68F6 /* Main.storyboard */; };
		04C628D01D061DF5007B68F6 /* Assets.xcassets in Resources */ = {isa = PBXBuildFile; fileRef = 04C628CF1D061DF5007B68F6 /* Assets.xcassets */; };
		04C628D31D061DF5007B68F6 /* LaunchScreen.storyboard in Resources */ = {isa = PBXBuildFile; fileRef = 04C628D11D061DF5007B68F6 /* LaunchScreen.storyboard */; };
		04C628DE1D061DF5007B68F6 /* SalikTests.swift in Sources */ = {isa = PBXBuildFile; fileRef = 04C628DD1D061DF5007B68F6 /* SalikTests.swift */; };
		04C628E91D061DF5007B68F6 /* SalikUITests.swift in Sources */ = {isa = PBXBuildFile; fileRef = 04C628E81D061DF5007B68F6 /* SalikUITests.swift */; };
		04C629061D062635007B68F6 /* WelcomeViewController.swift in Sources */ = {isa = PBXBuildFile; fileRef = 04C629051D062635007B68F6 /* WelcomeViewController.swift */; };
		04C629111D063542007B68F6 /* check@2x.png in Resources */ = {isa = PBXBuildFile; fileRef = 04C629091D063542007B68F6 /* check@2x.png */; };
		04C629121D063542007B68F6 /* economy@2x.png in Resources */ = {isa = PBXBuildFile; fileRef = 04C6290A1D063542007B68F6 /* economy@2x.png */; };
		04C629131D063542007B68F6 /* logo_rect@2x.png in Resources */ = {isa = PBXBuildFile; fileRef = 04C6290B1D063542007B68F6 /* logo_rect@2x.png */; };
		04C629151D063542007B68F6 /* narrow@2x.png in Resources */ = {isa = PBXBuildFile; fileRef = 04C6290D1D063542007B68F6 /* narrow@2x.png */; };
		04C629161D063542007B68F6 /* suv@2x.png in Resources */ = {isa = PBXBuildFile; fileRef = 04C6290E1D063542007B68F6 /* suv@2x.png */; };
		04C629181D063542007B68F6 /* vvip@2x.png in Resources */ = {isa = PBXBuildFile; fileRef = 04C629101D063542007B68F6 /* vvip@2x.png */; };
		04C6291A1D063607007B68F6 /* logo@2x.png in Resources */ = {isa = PBXBuildFile; fileRef = 04C629191D063607007B68F6 /* logo@2x.png */; };
		04C6291C1D064436007B68F6 /* OrderViewController.swift in Sources */ = {isa = PBXBuildFile; fileRef = 04C6291B1D064436007B68F6 /* OrderViewController.swift */; };
		04C6291E1D0644E7007B68F6 /* top_image@2x.png in Resources */ = {isa = PBXBuildFile; fileRef = 04C6291D1D0644E7007B68F6 /* top_image@2x.png */; };
		04C629201D065806007B68F6 /* BaseViewController.swift in Sources */ = {isa = PBXBuildFile; fileRef = 04C6291F1D065806007B68F6 /* BaseViewController.swift */; };
		04C629221D065891007B68F6 /* AppController.swift in Sources */ = {isa = PBXBuildFile; fileRef = 04C629211D065891007B68F6 /* AppController.swift */; };
		04C629241D065FC8007B68F6 /* CarCollectionViewCell.swift in Sources */ = {isa = PBXBuildFile; fileRef = 04C629231D065FC8007B68F6 /* CarCollectionViewCell.swift */; };
		04C629261D066E01007B68F6 /* CarSelectViewController.swift in Sources */ = {isa = PBXBuildFile; fileRef = 04C629251D066E01007B68F6 /* CarSelectViewController.swift */; };
		04C629281D066E4A007B68F6 /* UserInfoViewController.swift in Sources */ = {isa = PBXBuildFile; fileRef = 04C629271D066E4A007B68F6 /* UserInfoViewController.swift */; };
		04FB24371D0750EF00D4C522 /* TPKeyboardAvoidingCollectionView.m in Sources */ = {isa = PBXBuildFile; fileRef = 04FB24301D0750EF00D4C522 /* TPKeyboardAvoidingCollectionView.m */; };
		04FB24381D0750EF00D4C522 /* TPKeyboardAvoidingScrollView.m in Sources */ = {isa = PBXBuildFile; fileRef = 04FB24321D0750EF00D4C522 /* TPKeyboardAvoidingScrollView.m */; };
		04FB24391D0750EF00D4C522 /* TPKeyboardAvoidingTableView.m in Sources */ = {isa = PBXBuildFile; fileRef = 04FB24341D0750EF00D4C522 /* TPKeyboardAvoidingTableView.m */; };
		04FB243A1D0750EF00D4C522 /* UIScrollView+TPKeyboardAvoidingAdditions.m in Sources */ = {isa = PBXBuildFile; fileRef = 04FB24361D0750EF00D4C522 /* UIScrollView+TPKeyboardAvoidingAdditions.m */; };
		04FB243C1D079F1000D4C522 /* constant.swift in Sources */ = {isa = PBXBuildFile; fileRef = 04FB243B1D079F1000D4C522 /* constant.swift */; };
		0AB5F29F8FFB88D26F0B26C8 /* Pods_Salik.framework in Frameworks */ = {isa = PBXBuildFile; fileRef = C5B8AF720A878286F28493BD /* Pods_Salik.framework */; };
		CDD032D28EC93710A243A163 /* Pods_SalikTests.framework in Frameworks */ = {isa = PBXBuildFile; fileRef = 871C1471EAFF36F3CE6F28A3 /* Pods_SalikTests.framework */; };
		E75231DD16D35CF4EF19D1BA /* Pods_SalikUITests.framework in Frameworks */ = {isa = PBXBuildFile; fileRef = 0825F89651799C7704DE365F /* Pods_SalikUITests.framework */; };
/* End PBXBuildFile section */

/* Begin PBXContainerItemProxy section */
		04C628DA1D061DF5007B68F6 /* PBXContainerItemProxy */ = {
			isa = PBXContainerItemProxy;
			containerPortal = 04C628BD1D061DF4007B68F6 /* Project object */;
			proxyType = 1;
			remoteGlobalIDString = 04C628C41D061DF4007B68F6;
			remoteInfo = Salik;
		};
		04C628E51D061DF5007B68F6 /* PBXContainerItemProxy */ = {
			isa = PBXContainerItemProxy;
			containerPortal = 04C628BD1D061DF4007B68F6 /* Project object */;
			proxyType = 1;
			remoteGlobalIDString = 04C628C41D061DF4007B68F6;
			remoteInfo = Salik;
		};
/* End PBXContainerItemProxy section */

/* Begin PBXFileReference section */
		042D71CD1D367FA0001EBFA2 /* MobileCoreServices.framework */ = {isa = PBXFileReference; lastKnownFileType = wrapper.framework; name = MobileCoreServices.framework; path = System/Library/Frameworks/MobileCoreServices.framework; sourceTree = SDKROOT; };
		045C2D3C1D09BFA0005D910A /* MapViewController.swift */ = {isa = PBXFileReference; fileEncoding = 4; lastKnownFileType = sourcecode.swift; path = MapViewController.swift; sourceTree = "<group>"; };
		045C2D3E1D09C390005D910A /* icon_close@2x.png */ = {isa = PBXFileReference; lastKnownFileType = image.png; path = "icon_close@2x.png"; sourceTree = "<group>"; };
		045C2D401D0A2901005D910A /* map_pin@2x.png */ = {isa = PBXFileReference; lastKnownFileType = image.png; path = "map_pin@2x.png"; sourceTree = "<group>"; };
		0471BD471D18416800429FD4 /* icon_back@2x.png */ = {isa = PBXFileReference; lastKnownFileType = image.png; path = "icon_back@2x.png"; sourceTree = "<group>"; };
		0475BB541D177BC2007F8554 /* ConfirmViewController.swift */ = {isa = PBXFileReference; fileEncoding = 4; lastKnownFileType = sourcecode.swift; path = ConfirmViewController.swift; sourceTree = "<group>"; };
		04A1F0531D30CD1E00EB0998 /* vip@2x.png */ = {isa = PBXFileReference; lastKnownFileType = image.png; path = "vip@2x.png"; sourceTree = "<group>"; };
		04A4D5041D212FDB00FF9D64 /* delivery.png */ = {isa = PBXFileReference; lastKnownFileType = image.png; path = delivery.png; sourceTree = "<group>"; };
		04A4D5241D21DCD600FF9D64 /* AutoCompleteTextField.swift */ = {isa = PBXFileReference; fileEncoding = 4; lastKnownFileType = sourcecode.swift; path = AutoCompleteTextField.swift; sourceTree = "<group>"; };
		04A4D5271D21DD6500FF9D64 /* GooglePlacesAutocomplete.swift */ = {isa = PBXFileReference; fileEncoding = 4; lastKnownFileType = sourcecode.swift; path = GooglePlacesAutocomplete.swift; sourceTree = "<group>"; };
		04A4D5281D21DD6500FF9D64 /* GooglePlacesAutocomplete.xib */ = {isa = PBXFileReference; fileEncoding = 4; lastKnownFileType = file.xib; path = GooglePlacesAutocomplete.xib; sourceTree = "<group>"; };
		04A599FD1D06F13D0048325D /* AppData.swift */ = {isa = PBXFileReference; fileEncoding = 4; lastKnownFileType = sourcecode.swift; path = AppData.swift; sourceTree = "<group>"; };
		04C628C51D061DF4007B68F6 /* Salik.app */ = {isa = PBXFileReference; explicitFileType = wrapper.application; includeInIndex = 0; path = Salik.app; sourceTree = BUILT_PRODUCTS_DIR; };
		04C628C81D061DF5007B68F6 /* AppDelegate.swift */ = {isa = PBXFileReference; lastKnownFileType = sourcecode.swift; path = AppDelegate.swift; sourceTree = "<group>"; };
		04C628CD1D061DF5007B68F6 /* Base */ = {isa = PBXFileReference; lastKnownFileType = file.storyboard; name = Base; path = Base.lproj/Main.storyboard; sourceTree = "<group>"; };
		04C628CF1D061DF5007B68F6 /* Assets.xcassets */ = {isa = PBXFileReference; lastKnownFileType = folder.assetcatalog; path = Assets.xcassets; sourceTree = "<group>"; };
		04C628D21D061DF5007B68F6 /* Base */ = {isa = PBXFileReference; lastKnownFileType = file.storyboard; name = Base; path = Base.lproj/LaunchScreen.storyboard; sourceTree = "<group>"; };
		04C628D41D061DF5007B68F6 /* Info.plist */ = {isa = PBXFileReference; lastKnownFileType = text.plist.xml; path = Info.plist; sourceTree = "<group>"; };
		04C628D91D061DF5007B68F6 /* SalikTests.xctest */ = {isa = PBXFileReference; explicitFileType = wrapper.cfbundle; includeInIndex = 0; path = SalikTests.xctest; sourceTree = BUILT_PRODUCTS_DIR; };
		04C628DD1D061DF5007B68F6 /* SalikTests.swift */ = {isa = PBXFileReference; lastKnownFileType = sourcecode.swift; path = SalikTests.swift; sourceTree = "<group>"; };
		04C628DF1D061DF5007B68F6 /* Info.plist */ = {isa = PBXFileReference; lastKnownFileType = text.plist.xml; path = Info.plist; sourceTree = "<group>"; };
		04C628E41D061DF5007B68F6 /* SalikUITests.xctest */ = {isa = PBXFileReference; explicitFileType = wrapper.cfbundle; includeInIndex = 0; path = SalikUITests.xctest; sourceTree = BUILT_PRODUCTS_DIR; };
		04C628E81D061DF5007B68F6 /* SalikUITests.swift */ = {isa = PBXFileReference; lastKnownFileType = sourcecode.swift; path = SalikUITests.swift; sourceTree = "<group>"; };
		04C628EA1D061DF5007B68F6 /* Info.plist */ = {isa = PBXFileReference; lastKnownFileType = text.plist.xml; path = Info.plist; sourceTree = "<group>"; };
		04C629051D062635007B68F6 /* WelcomeViewController.swift */ = {isa = PBXFileReference; fileEncoding = 4; lastKnownFileType = sourcecode.swift; path = WelcomeViewController.swift; sourceTree = "<group>"; };
		04C629091D063542007B68F6 /* check@2x.png */ = {isa = PBXFileReference; lastKnownFileType = image.png; path = "check@2x.png"; sourceTree = "<group>"; };
		04C6290A1D063542007B68F6 /* economy@2x.png */ = {isa = PBXFileReference; lastKnownFileType = image.png; path = "economy@2x.png"; sourceTree = "<group>"; };
		04C6290B1D063542007B68F6 /* logo_rect@2x.png */ = {isa = PBXFileReference; lastKnownFileType = image.png; path = "logo_rect@2x.png"; sourceTree = "<group>"; };
		04C6290D1D063542007B68F6 /* narrow@2x.png */ = {isa = PBXFileReference; lastKnownFileType = image.png; path = "narrow@2x.png"; sourceTree = "<group>"; };
		04C6290E1D063542007B68F6 /* suv@2x.png */ = {isa = PBXFileReference; lastKnownFileType = image.png; path = "suv@2x.png"; sourceTree = "<group>"; };
		04C629101D063542007B68F6 /* vvip@2x.png */ = {isa = PBXFileReference; lastKnownFileType = image.png; path = "vvip@2x.png"; sourceTree = "<group>"; };
		04C629191D063607007B68F6 /* logo@2x.png */ = {isa = PBXFileReference; lastKnownFileType = image.png; path = "logo@2x.png"; sourceTree = "<group>"; };
		04C6291B1D064436007B68F6 /* OrderViewController.swift */ = {isa = PBXFileReference; fileEncoding = 4; lastKnownFileType = sourcecode.swift; path = OrderViewController.swift; sourceTree = "<group>"; };
		04C6291D1D0644E7007B68F6 /* top_image@2x.png */ = {isa = PBXFileReference; lastKnownFileType = image.png; path = "top_image@2x.png"; sourceTree = "<group>"; };
		04C6291F1D065806007B68F6 /* BaseViewController.swift */ = {isa = PBXFileReference; fileEncoding = 4; lastKnownFileType = sourcecode.swift; path = BaseViewController.swift; sourceTree = "<group>"; };
		04C629211D065891007B68F6 /* AppController.swift */ = {isa = PBXFileReference; fileEncoding = 4; lastKnownFileType = sourcecode.swift; path = AppController.swift; sourceTree = "<group>"; };
		04C629231D065FC8007B68F6 /* CarCollectionViewCell.swift */ = {isa = PBXFileReference; fileEncoding = 4; lastKnownFileType = sourcecode.swift; path = CarCollectionViewCell.swift; sourceTree = "<group>"; };
		04C629251D066E01007B68F6 /* CarSelectViewController.swift */ = {isa = PBXFileReference; fileEncoding = 4; lastKnownFileType = sourcecode.swift; path = CarSelectViewController.swift; sourceTree = "<group>"; };
		04C629271D066E4A007B68F6 /* UserInfoViewController.swift */ = {isa = PBXFileReference; fileEncoding = 4; lastKnownFileType = sourcecode.swift; path = UserInfoViewController.swift; sourceTree = "<group>"; wrapsLines = 0; };
		04FB242F1D0750EF00D4C522 /* TPKeyboardAvoidingCollectionView.h */ = {isa = PBXFileReference; fileEncoding = 4; lastKnownFileType = sourcecode.c.h; path = TPKeyboardAvoidingCollectionView.h; sourceTree = "<group>"; };
		04FB24301D0750EF00D4C522 /* TPKeyboardAvoidingCollectionView.m */ = {isa = PBXFileReference; fileEncoding = 4; lastKnownFileType = sourcecode.c.objc; path = TPKeyboardAvoidingCollectionView.m; sourceTree = "<group>"; };
		04FB24311D0750EF00D4C522 /* TPKeyboardAvoidingScrollView.h */ = {isa = PBXFileReference; fileEncoding = 4; lastKnownFileType = sourcecode.c.h; path = TPKeyboardAvoidingScrollView.h; sourceTree = "<group>"; };
		04FB24321D0750EF00D4C522 /* TPKeyboardAvoidingScrollView.m */ = {isa = PBXFileReference; fileEncoding = 4; lastKnownFileType = sourcecode.c.objc; path = TPKeyboardAvoidingScrollView.m; sourceTree = "<group>"; };
		04FB24331D0750EF00D4C522 /* TPKeyboardAvoidingTableView.h */ = {isa = PBXFileReference; fileEncoding = 4; lastKnownFileType = sourcecode.c.h; path = TPKeyboardAvoidingTableView.h; sourceTree = "<group>"; };
		04FB24341D0750EF00D4C522 /* TPKeyboardAvoidingTableView.m */ = {isa = PBXFileReference; fileEncoding = 4; lastKnownFileType = sourcecode.c.objc; path = TPKeyboardAvoidingTableView.m; sourceTree = "<group>"; };
		04FB24351D0750EF00D4C522 /* UIScrollView+TPKeyboardAvoidingAdditions.h */ = {isa = PBXFileReference; fileEncoding = 4; lastKnownFileType = sourcecode.c.h; path = "UIScrollView+TPKeyboardAvoidingAdditions.h"; sourceTree = "<group>"; };
		04FB24361D0750EF00D4C522 /* UIScrollView+TPKeyboardAvoidingAdditions.m */ = {isa = PBXFileReference; fileEncoding = 4; lastKnownFileType = sourcecode.c.objc; path = "UIScrollView+TPKeyboardAvoidingAdditions.m"; sourceTree = "<group>"; };
		04FB243B1D079F1000D4C522 /* constant.swift */ = {isa = PBXFileReference; fileEncoding = 4; lastKnownFileType = sourcecode.swift; path = constant.swift; sourceTree = "<group>"; };
		0825F89651799C7704DE365F /* Pods_SalikUITests.framework */ = {isa = PBXFileReference; explicitFileType = wrapper.framework; includeInIndex = 0; path = Pods_SalikUITests.framework; sourceTree = BUILT_PRODUCTS_DIR; };
		238FFD3CA6763580425E2C1C /* Pods-SalikTests.debug.xcconfig */ = {isa = PBXFileReference; includeInIndex = 1; lastKnownFileType = text.xcconfig; name = "Pods-SalikTests.debug.xcconfig"; path = "Pods/Target Support Files/Pods-SalikTests/Pods-SalikTests.debug.xcconfig"; sourceTree = "<group>"; };
		2E55D3B3039734E04C110B0E /* Pods-Salik.release.xcconfig */ = {isa = PBXFileReference; includeInIndex = 1; lastKnownFileType = text.xcconfig; name = "Pods-Salik.release.xcconfig"; path = "Pods/Target Support Files/Pods-Salik/Pods-Salik.release.xcconfig"; sourceTree = "<group>"; };
		50CE34F6C4964212BB2DCE98 /* Pods-Salik.debug.xcconfig */ = {isa = PBXFileReference; includeInIndex = 1; lastKnownFileType = text.xcconfig; name = "Pods-Salik.debug.xcconfig"; path = "Pods/Target Support Files/Pods-Salik/Pods-Salik.debug.xcconfig"; sourceTree = "<group>"; };
		871C1471EAFF36F3CE6F28A3 /* Pods_SalikTests.framework */ = {isa = PBXFileReference; explicitFileType = wrapper.framework; includeInIndex = 0; path = Pods_SalikTests.framework; sourceTree = BUILT_PRODUCTS_DIR; };
		BA33570E47F09837597E701F /* Pods-SalikUITests.release.xcconfig */ = {isa = PBXFileReference; includeInIndex = 1; lastKnownFileType = text.xcconfig; name = "Pods-SalikUITests.release.xcconfig"; path = "Pods/Target Support Files/Pods-SalikUITests/Pods-SalikUITests.release.xcconfig"; sourceTree = "<group>"; };
		C5B8AF720A878286F28493BD /* Pods_Salik.framework */ = {isa = PBXFileReference; explicitFileType = wrapper.framework; includeInIndex = 0; path = Pods_Salik.framework; sourceTree = BUILT_PRODUCTS_DIR; };
		CD374E62841884B134E472F6 /* Pods-SalikUITests.debug.xcconfig */ = {isa = PBXFileReference; includeInIndex = 1; lastKnownFileType = text.xcconfig; name = "Pods-SalikUITests.debug.xcconfig"; path = "Pods/Target Support Files/Pods-SalikUITests/Pods-SalikUITests.debug.xcconfig"; sourceTree = "<group>"; };
		EBC22C9C5E98AAA7E77EC24C /* Pods-SalikTests.release.xcconfig */ = {isa = PBXFileReference; includeInIndex = 1; lastKnownFileType = text.xcconfig; name = "Pods-SalikTests.release.xcconfig"; path = "Pods/Target Support Files/Pods-SalikTests/Pods-SalikTests.release.xcconfig"; sourceTree = "<group>"; };
/* End PBXFileReference section */

/* Begin PBXFrameworksBuildPhase section */
		04C628C21D061DF4007B68F6 /* Frameworks */ = {
			isa = PBXFrameworksBuildPhase;
			buildActionMask = 2147483647;
			files = (
				042D71CE1D367FA0001EBFA2 /* MobileCoreServices.framework in Frameworks */,
				0AB5F29F8FFB88D26F0B26C8 /* Pods_Salik.framework in Frameworks */,
			);
			runOnlyForDeploymentPostprocessing = 0;
		};
		04C628D61D061DF5007B68F6 /* Frameworks */ = {
			isa = PBXFrameworksBuildPhase;
			buildActionMask = 2147483647;
			files = (
				CDD032D28EC93710A243A163 /* Pods_SalikTests.framework in Frameworks */,
			);
			runOnlyForDeploymentPostprocessing = 0;
		};
		04C628E11D061DF5007B68F6 /* Frameworks */ = {
			isa = PBXFrameworksBuildPhase;
			buildActionMask = 2147483647;
			files = (
				E75231DD16D35CF4EF19D1BA /* Pods_SalikUITests.framework in Frameworks */,
			);
			runOnlyForDeploymentPostprocessing = 0;
		};
/* End PBXFrameworksBuildPhase section */

/* Begin PBXGroup section */
		04A4D5231D21DCD600FF9D64 /* AutoCompleteTextField */ = {
			isa = PBXGroup;
			children = (
				04A4D5241D21DCD600FF9D64 /* AutoCompleteTextField.swift */,
			);
			path = AutoCompleteTextField;
			sourceTree = "<group>";
		};
		04A4D5261D21DD6500FF9D64 /* GooglePlacesAutocomplete */ = {
			isa = PBXGroup;
			children = (
				04A4D5271D21DD6500FF9D64 /* GooglePlacesAutocomplete.swift */,
				04A4D5281D21DD6500FF9D64 /* GooglePlacesAutocomplete.xib */,
			);
			path = GooglePlacesAutocomplete;
			sourceTree = "<group>";
		};
		04C628BC1D061DF4007B68F6 = {
			isa = PBXGroup;
			children = (
				04C628C71D061DF4007B68F6 /* Salik */,
				04C628DC1D061DF5007B68F6 /* SalikTests */,
				04C628E71D061DF5007B68F6 /* SalikUITests */,
				04C628C61D061DF4007B68F6 /* Products */,
				896710A868FAD83DD5C22250 /* Frameworks */,
				0ECFF2241048F0085EF7DC20 /* Pods */,
			);
			sourceTree = "<group>";
		};
		04C628C61D061DF4007B68F6 /* Products */ = {
			isa = PBXGroup;
			children = (
				04C628C51D061DF4007B68F6 /* Salik.app */,
				04C628D91D061DF5007B68F6 /* SalikTests.xctest */,
				04C628E41D061DF5007B68F6 /* SalikUITests.xctest */,
			);
			name = Products;
			sourceTree = "<group>";
		};
		04C628C71D061DF4007B68F6 /* Salik */ = {
			isa = PBXGroup;
			children = (
				04C628C81D061DF5007B68F6 /* AppDelegate.swift */,
				04C628CC1D061DF5007B68F6 /* Main.storyboard */,
				04C628F61D062351007B68F6 /* Application */,
				04C628FE1D06235F007B68F6 /* Resource */,
				04C628CF1D061DF5007B68F6 /* Assets.xcassets */,
				04C628D11D061DF5007B68F6 /* LaunchScreen.storyboard */,
				04C628D41D061DF5007B68F6 /* Info.plist */,
			);
			path = Salik;
			sourceTree = "<group>";
		};
		04C628DC1D061DF5007B68F6 /* SalikTests */ = {
			isa = PBXGroup;
			children = (
				04C628DD1D061DF5007B68F6 /* SalikTests.swift */,
				04C628DF1D061DF5007B68F6 /* Info.plist */,
			);
			path = SalikTests;
			sourceTree = "<group>";
		};
		04C628E71D061DF5007B68F6 /* SalikUITests */ = {
			isa = PBXGroup;
			children = (
				04C628E81D061DF5007B68F6 /* SalikUITests.swift */,
				04C628EA1D061DF5007B68F6 /* Info.plist */,
			);
			path = SalikUITests;
			sourceTree = "<group>";
		};
		04C628F61D062351007B68F6 /* Application */ = {
			isa = PBXGroup;
			children = (
				04C628F71D062351007B68F6 /* Config */,
				04C628F81D062351007B68F6 /* Controller */,
				04C628F91D062351007B68F6 /* Library */,
				04C628FA1D062351007B68F6 /* Model */,
				04C628FB1D062351007B68F6 /* View */,
			);
			path = Application;
			sourceTree = "<group>";
		};
		04C628F71D062351007B68F6 /* Config */ = {
			isa = PBXGroup;
			children = (
				04FB243B1D079F1000D4C522 /* constant.swift */,
			);
			path = Config;
			sourceTree = "<group>";
		};
		04C628F81D062351007B68F6 /* Controller */ = {
			isa = PBXGroup;
			children = (
				04C629211D065891007B68F6 /* AppController.swift */,
			);
			path = Controller;
			sourceTree = "<group>";
		};
		04C628F91D062351007B68F6 /* Library */ = {
			isa = PBXGroup;
			children = (
				04A4D5261D21DD6500FF9D64 /* GooglePlacesAutocomplete */,
				04A4D5231D21DCD600FF9D64 /* AutoCompleteTextField */,
				04FB242E1D0750EF00D4C522 /* TPKeyboardAvoiding */,
			);
			path = Library;
			sourceTree = "<group>";
		};
		04C628FA1D062351007B68F6 /* Model */ = {
			isa = PBXGroup;
			children = (
				04A599FD1D06F13D0048325D /* AppData.swift */,
			);
			path = Model;
			sourceTree = "<group>";
		};
		04C628FB1D062351007B68F6 /* View */ = {
			isa = PBXGroup;
			children = (
				04C629001D062564007B68F6 /* Main */,
				04C628FC1D062351007B68F6 /* Base */,
				04C628FD1D062351007B68F6 /* Cell */,
			);
			path = View;
			sourceTree = "<group>";
		};
		04C628FC1D062351007B68F6 /* Base */ = {
			isa = PBXGroup;
			children = (
				04C6291F1D065806007B68F6 /* BaseViewController.swift */,
			);
			path = Base;
			sourceTree = "<group>";
		};
		04C628FD1D062351007B68F6 /* Cell */ = {
			isa = PBXGroup;
			children = (
				04C629231D065FC8007B68F6 /* CarCollectionViewCell.swift */,
			);
			path = Cell;
			sourceTree = "<group>";
		};
		04C628FE1D06235F007B68F6 /* Resource */ = {
			isa = PBXGroup;
			children = (
				04A4D5041D212FDB00FF9D64 /* delivery.png */,
				04C6291D1D0644E7007B68F6 /* top_image@2x.png */,
				045C2D3E1D09C390005D910A /* icon_close@2x.png */,
				0471BD471D18416800429FD4 /* icon_back@2x.png */,
				04C629191D063607007B68F6 /* logo@2x.png */,
				045C2D401D0A2901005D910A /* map_pin@2x.png */,
				04C629091D063542007B68F6 /* check@2x.png */,
				04C6290A1D063542007B68F6 /* economy@2x.png */,
				04C6290B1D063542007B68F6 /* logo_rect@2x.png */,
				04C6290D1D063542007B68F6 /* narrow@2x.png */,
				04C6290E1D063542007B68F6 /* suv@2x.png */,
				04A1F0531D30CD1E00EB0998 /* vip@2x.png */,
				04C629101D063542007B68F6 /* vvip@2x.png */,
			);
			path = Resource;
			sourceTree = "<group>";
		};
		04C629001D062564007B68F6 /* Main */ = {
			isa = PBXGroup;
			children = (
				04C629051D062635007B68F6 /* WelcomeViewController.swift */,
				04C6291B1D064436007B68F6 /* OrderViewController.swift */,
				04C629251D066E01007B68F6 /* CarSelectViewController.swift */,
				04C629271D066E4A007B68F6 /* UserInfoViewController.swift */,
				045C2D3C1D09BFA0005D910A /* MapViewController.swift */,
				0475BB541D177BC2007F8554 /* ConfirmViewController.swift */,
			);
			path = Main;
			sourceTree = "<group>";
		};
		04FB242E1D0750EF00D4C522 /* TPKeyboardAvoiding */ = {
			isa = PBXGroup;
			children = (
				04FB242F1D0750EF00D4C522 /* TPKeyboardAvoidingCollectionView.h */,
				04FB24301D0750EF00D4C522 /* TPKeyboardAvoidingCollectionView.m */,
				04FB24311D0750EF00D4C522 /* TPKeyboardAvoidingScrollView.h */,
				04FB24321D0750EF00D4C522 /* TPKeyboardAvoidingScrollView.m */,
				04FB24331D0750EF00D4C522 /* TPKeyboardAvoidingTableView.h */,
				04FB24341D0750EF00D4C522 /* TPKeyboardAvoidingTableView.m */,
				04FB24351D0750EF00D4C522 /* UIScrollView+TPKeyboardAvoidingAdditions.h */,
				04FB24361D0750EF00D4C522 /* UIScrollView+TPKeyboardAvoidingAdditions.m */,
			);
			path = TPKeyboardAvoiding;
			sourceTree = "<group>";
		};
		0ECFF2241048F0085EF7DC20 /* Pods */ = {
			isa = PBXGroup;
			children = (
				50CE34F6C4964212BB2DCE98 /* Pods-Salik.debug.xcconfig */,
				2E55D3B3039734E04C110B0E /* Pods-Salik.release.xcconfig */,
				238FFD3CA6763580425E2C1C /* Pods-SalikTests.debug.xcconfig */,
				EBC22C9C5E98AAA7E77EC24C /* Pods-SalikTests.release.xcconfig */,
				CD374E62841884B134E472F6 /* Pods-SalikUITests.debug.xcconfig */,
				BA33570E47F09837597E701F /* Pods-SalikUITests.release.xcconfig */,
			);
			name = Pods;
			sourceTree = "<group>";
		};
		896710A868FAD83DD5C22250 /* Frameworks */ = {
			isa = PBXGroup;
			children = (
				042D71CD1D367FA0001EBFA2 /* MobileCoreServices.framework */,
				C5B8AF720A878286F28493BD /* Pods_Salik.framework */,
				871C1471EAFF36F3CE6F28A3 /* Pods_SalikTests.framework */,
				0825F89651799C7704DE365F /* Pods_SalikUITests.framework */,
			);
			name = Frameworks;
			sourceTree = "<group>";
		};
/* End PBXGroup section */

/* Begin PBXNativeTarget section */
		04C628C41D061DF4007B68F6 /* Salik */ = {
			isa = PBXNativeTarget;
			buildConfigurationList = 04C628ED1D061DF5007B68F6 /* Build configuration list for PBXNativeTarget "Salik" */;
			buildPhases = (
				0A5804AF9800CDF339598474 /* [CP] Check Pods Manifest.lock */,
				04C628C11D061DF4007B68F6 /* Sources */,
				04C628C21D061DF4007B68F6 /* Frameworks */,
				04C628C31D061DF4007B68F6 /* Resources */,
				9B81EA7F7FEE15B7AFEBF771 /* [CP] Embed Pods Frameworks */,
				11D8B58D6AAF900B8EB4CE6A /* [CP] Copy Pods Resources */,
			);
			buildRules = (
			);
			dependencies = (
			);
			name = Salik;
			productName = Salik;
			productReference = 04C628C51D061DF4007B68F6 /* Salik.app */;
			productType = "com.apple.product-type.application";
		};
		04C628D81D061DF5007B68F6 /* SalikTests */ = {
			isa = PBXNativeTarget;
			buildConfigurationList = 04C628F01D061DF5007B68F6 /* Build configuration list for PBXNativeTarget "SalikTests" */;
			buildPhases = (
				A20AD35965C0F06F6982AE39 /* [CP] Check Pods Manifest.lock */,
				04C628D51D061DF5007B68F6 /* Sources */,
				04C628D61D061DF5007B68F6 /* Frameworks */,
				04C628D71D061DF5007B68F6 /* Resources */,
				DF991A33E1F7BD2D26438873 /* [CP] Embed Pods Frameworks */,
				D41D1864313FC6867611BF97 /* [CP] Copy Pods Resources */,
			);
			buildRules = (
			);
			dependencies = (
				04C628DB1D061DF5007B68F6 /* PBXTargetDependency */,
			);
			name = SalikTests;
			productName = SalikTests;
			productReference = 04C628D91D061DF5007B68F6 /* SalikTests.xctest */;
			productType = "com.apple.product-type.bundle.unit-test";
		};
		04C628E31D061DF5007B68F6 /* SalikUITests */ = {
			isa = PBXNativeTarget;
			buildConfigurationList = 04C628F31D061DF5007B68F6 /* Build configuration list for PBXNativeTarget "SalikUITests" */;
			buildPhases = (
				9CE2CBC2A559F208E6398718 /* [CP] Check Pods Manifest.lock */,
				04C628E01D061DF5007B68F6 /* Sources */,
				04C628E11D061DF5007B68F6 /* Frameworks */,
				04C628E21D061DF5007B68F6 /* Resources */,
				E2E51C9F26166FC1D8D5AC0D /* [CP] Copy Pods Resources */,
			);
			buildRules = (
			);
			dependencies = (
				04C628E61D061DF5007B68F6 /* PBXTargetDependency */,
			);
			name = SalikUITests;
			productName = SalikUITests;
			productReference = 04C628E41D061DF5007B68F6 /* SalikUITests.xctest */;
			productType = "com.apple.product-type.bundle.ui-testing";
		};
/* End PBXNativeTarget section */

/* Begin PBXProject section */
		04C628BD1D061DF4007B68F6 /* Project object */ = {
			isa = PBXProject;
			attributes = {
				LastSwiftUpdateCheck = 0730;
				LastUpgradeCheck = 0730;
				ORGANIZATIONNAME = com;
				TargetAttributes = {
					04C628C41D061DF4007B68F6 = {
						CreatedOnToolsVersion = 7.3;
						DevelopmentTeam = 94596BV9D2;
						SystemCapabilities = {
							com.apple.BackgroundModes = {
								enabled = 1;
							};
							com.apple.Push = {
								enabled = 1;
							};
						};
					};
					04C628D81D061DF5007B68F6 = {
						CreatedOnToolsVersion = 7.3;
						TestTargetID = 04C628C41D061DF4007B68F6;
					};
					04C628E31D061DF5007B68F6 = {
						CreatedOnToolsVersion = 7.3;
						TestTargetID = 04C628C41D061DF4007B68F6;
					};
				};
			};
			buildConfigurationList = 04C628C01D061DF4007B68F6 /* Build configuration list for PBXProject "Salik" */;
			compatibilityVersion = "Xcode 3.2";
			developmentRegion = English;
			hasScannedForEncodings = 0;
			knownRegions = (
				en,
				Base,
			);
			mainGroup = 04C628BC1D061DF4007B68F6;
			productRefGroup = 04C628C61D061DF4007B68F6 /* Products */;
			projectDirPath = "";
			projectRoot = "";
			targets = (
				04C628C41D061DF4007B68F6 /* Salik */,
				04C628D81D061DF5007B68F6 /* SalikTests */,
				04C628E31D061DF5007B68F6 /* SalikUITests */,
			);
		};
/* End PBXProject section */

/* Begin PBXResourcesBuildPhase section */
		04C628C31D061DF4007B68F6 /* Resources */ = {
			isa = PBXResourcesBuildPhase;
			buildActionMask = 2147483647;
			files = (
				04C629111D063542007B68F6 /* check@2x.png in Resources */,
				04C6291A1D063607007B68F6 /* logo@2x.png in Resources */,
				04C6291E1D0644E7007B68F6 /* top_image@2x.png in Resources */,
				04A1F0541D30CD1E00EB0998 /* vip@2x.png in Resources */,
				04A4D5051D212FDB00FF9D64 /* delivery.png in Resources */,
				04C629181D063542007B68F6 /* vvip@2x.png in Resources */,
				04C629161D063542007B68F6 /* suv@2x.png in Resources */,
				04C628D31D061DF5007B68F6 /* LaunchScreen.storyboard in Resources */,
				04C629151D063542007B68F6 /* narrow@2x.png in Resources */,
				04C628D01D061DF5007B68F6 /* Assets.xcassets in Resources */,
				04C628CE1D061DF5007B68F6 /* Main.storyboard in Resources */,
				04C629121D063542007B68F6 /* economy@2x.png in Resources */,
				045C2D411D0A2901005D910A /* map_pin@2x.png in Resources */,
				04C629131D063542007B68F6 /* logo_rect@2x.png in Resources */,
				045C2D3F1D09C390005D910A /* icon_close@2x.png in Resources */,
				04A4D52A1D21DD6500FF9D64 /* GooglePlacesAutocomplete.xib in Resources */,
				0471BD481D18416800429FD4 /* icon_back@2x.png in Resources */,
			);
			runOnlyForDeploymentPostprocessing = 0;
		};
		04C628D71D061DF5007B68F6 /* Resources */ = {
			isa = PBXResourcesBuildPhase;
			buildActionMask = 2147483647;
			files = (
			);
			runOnlyForDeploymentPostprocessing = 0;
		};
		04C628E21D061DF5007B68F6 /* Resources */ = {
			isa = PBXResourcesBuildPhase;
			buildActionMask = 2147483647;
			files = (
			);
			runOnlyForDeploymentPostprocessing = 0;
		};
/* End PBXResourcesBuildPhase section */

/* Begin PBXShellScriptBuildPhase section */
		0A5804AF9800CDF339598474 /* [CP] Check Pods Manifest.lock */ = {
			isa = PBXShellScriptBuildPhase;
			buildActionMask = 2147483647;
			files = (
			);
			inputPaths = (
			);
			name = "[CP] Check Pods Manifest.lock";
			outputPaths = (
			);
			runOnlyForDeploymentPostprocessing = 0;
			shellPath = /bin/sh;
			shellScript = "diff \"${PODS_ROOT}/../Podfile.lock\" \"${PODS_ROOT}/Manifest.lock\" > /dev/null\nif [[ $? != 0 ]] ; then\n    cat << EOM\nerror: The sandbox is not in sync with the Podfile.lock. Run 'pod install' or update your CocoaPods installation.\nEOM\n    exit 1\nfi\n";
			showEnvVarsInLog = 0;
		};
		11D8B58D6AAF900B8EB4CE6A /* [CP] Copy Pods Resources */ = {
			isa = PBXShellScriptBuildPhase;
			buildActionMask = 2147483647;
			files = (
			);
			inputPaths = (
			);
			name = "[CP] Copy Pods Resources";
			outputPaths = (
			);
			runOnlyForDeploymentPostprocessing = 0;
			shellPath = /bin/sh;
			shellScript = "\"${SRCROOT}/Pods/Target Support Files/Pods-Salik/Pods-Salik-resources.sh\"\n";
			showEnvVarsInLog = 0;
		};
		9B81EA7F7FEE15B7AFEBF771 /* [CP] Embed Pods Frameworks */ = {
			isa = PBXShellScriptBuildPhase;
			buildActionMask = 2147483647;
			files = (
			);
			inputPaths = (
			);
			name = "[CP] Embed Pods Frameworks";
			outputPaths = (
			);
			runOnlyForDeploymentPostprocessing = 0;
			shellPath = /bin/sh;
			shellScript = "\"${SRCROOT}/Pods/Target Support Files/Pods-Salik/Pods-Salik-frameworks.sh\"\n";
			showEnvVarsInLog = 0;
		};
		9CE2CBC2A559F208E6398718 /* [CP] Check Pods Manifest.lock */ = {
			isa = PBXShellScriptBuildPhase;
			buildActionMask = 2147483647;
			files = (
			);
			inputPaths = (
			);
			name = "[CP] Check Pods Manifest.lock";
			outputPaths = (
			);
			runOnlyForDeploymentPostprocessing = 0;
			shellPath = /bin/sh;
			shellScript = "diff \"${PODS_ROOT}/../Podfile.lock\" \"${PODS_ROOT}/Manifest.lock\" > /dev/null\nif [[ $? != 0 ]] ; then\n    cat << EOM\nerror: The sandbox is not in sync with the Podfile.lock. Run 'pod install' or update your CocoaPods installation.\nEOM\n    exit 1\nfi\n";
			showEnvVarsInLog = 0;
		};
		A20AD35965C0F06F6982AE39 /* [CP] Check Pods Manifest.lock */ = {
			isa = PBXShellScriptBuildPhase;
			buildActionMask = 2147483647;
			files = (
			);
			inputPaths = (
			);
			name = "[CP] Check Pods Manifest.lock";
			outputPaths = (
			);
			runOnlyForDeploymentPostprocessing = 0;
			shellPath = /bin/sh;
			shellScript = "diff \"${PODS_ROOT}/../Podfile.lock\" \"${PODS_ROOT}/Manifest.lock\" > /dev/null\nif [[ $? != 0 ]] ; then\n    cat << EOM\nerror: The sandbox is not in sync with the Podfile.lock. Run 'pod install' or update your CocoaPods installation.\nEOM\n    exit 1\nfi\n";
			showEnvVarsInLog = 0;
		};
		D41D1864313FC6867611BF97 /* [CP] Copy Pods Resources */ = {
			isa = PBXShellScriptBuildPhase;
			buildActionMask = 2147483647;
			files = (
			);
			inputPaths = (
			);
			name = "[CP] Copy Pods Resources";
			outputPaths = (
			);
			runOnlyForDeploymentPostprocessing = 0;
			shellPath = /bin/sh;
			shellScript = "\"${SRCROOT}/Pods/Target Support Files/Pods-SalikTests/Pods-SalikTests-resources.sh\"\n";
			showEnvVarsInLog = 0;
		};
		DF991A33E1F7BD2D26438873 /* [CP] Embed Pods Frameworks */ = {
			isa = PBXShellScriptBuildPhase;
			buildActionMask = 2147483647;
			files = (
			);
			inputPaths = (
			);
			name = "[CP] Embed Pods Frameworks";
			outputPaths = (
			);
			runOnlyForDeploymentPostprocessing = 0;
			shellPath = /bin/sh;
			shellScript = "\"${SRCROOT}/Pods/Target Support Files/Pods-SalikTests/Pods-SalikTests-frameworks.sh\"\n";
			showEnvVarsInLog = 0;
		};
		E2E51C9F26166FC1D8D5AC0D /* [CP] Copy Pods Resources */ = {
			isa = PBXShellScriptBuildPhase;
			buildActionMask = 2147483647;
			files = (
			);
			inputPaths = (
			);
			name = "[CP] Copy Pods Resources";
			outputPaths = (
			);
			runOnlyForDeploymentPostprocessing = 0;
			shellPath = /bin/sh;
			shellScript = "\"${SRCROOT}/Pods/Target Support Files/Pods-SalikUITests/Pods-SalikUITests-resources.sh\"\n";
			showEnvVarsInLog = 0;
		};
/* End PBXShellScriptBuildPhase section */

/* Begin PBXSourcesBuildPhase section */
		04C628C11D061DF4007B68F6 /* Sources */ = {
			isa = PBXSourcesBuildPhase;
			buildActionMask = 2147483647;
			files = (
				04FB24371D0750EF00D4C522 /* TPKeyboardAvoidingCollectionView.m in Sources */,
				04C628C91D061DF5007B68F6 /* AppDelegate.swift in Sources */,
				04C629281D066E4A007B68F6 /* UserInfoViewController.swift in Sources */,
				0475BB551D177BC2007F8554 /* ConfirmViewController.swift in Sources */,
				04FB243A1D0750EF00D4C522 /* UIScrollView+TPKeyboardAvoidingAdditions.m in Sources */,
				04C629241D065FC8007B68F6 /* CarCollectionViewCell.swift in Sources */,
				04C629221D065891007B68F6 /* AppController.swift in Sources */,
				04FB24381D0750EF00D4C522 /* TPKeyboardAvoidingScrollView.m in Sources */,
				04A4D5251D21DCD600FF9D64 /* AutoCompleteTextField.swift in Sources */,
				04FB243C1D079F1000D4C522 /* constant.swift in Sources */,
				04C629201D065806007B68F6 /* BaseViewController.swift in Sources */,
				04C629061D062635007B68F6 /* WelcomeViewController.swift in Sources */,
				04A4D5291D21DD6500FF9D64 /* GooglePlacesAutocomplete.swift in Sources */,
				04C6291C1D064436007B68F6 /* OrderViewController.swift in Sources */,
				04FB24391D0750EF00D4C522 /* TPKeyboardAvoidingTableView.m in Sources */,
				04C629261D066E01007B68F6 /* CarSelectViewController.swift in Sources */,
				045C2D3D1D09BFA0005D910A /* MapViewController.swift in Sources */,
				04A599FE1D06F13D0048325D /* AppData.swift in Sources */,
			);
			runOnlyForDeploymentPostprocessing = 0;
		};
		04C628D51D061DF5007B68F6 /* Sources */ = {
			isa = PBXSourcesBuildPhase;
			buildActionMask = 2147483647;
			files = (
				04C628DE1D061DF5007B68F6 /* SalikTests.swift in Sources */,
			);
			runOnlyForDeploymentPostprocessing = 0;
		};
		04C628E01D061DF5007B68F6 /* Sources */ = {
			isa = PBXSourcesBuildPhase;
			buildActionMask = 2147483647;
			files = (
				04C628E91D061DF5007B68F6 /* SalikUITests.swift in Sources */,
			);
			runOnlyForDeploymentPostprocessing = 0;
		};
/* End PBXSourcesBuildPhase section */

/* Begin PBXTargetDependency section */
		04C628DB1D061DF5007B68F6 /* PBXTargetDependency */ = {
			isa = PBXTargetDependency;
			target = 04C628C41D061DF4007B68F6 /* Salik */;
			targetProxy = 04C628DA1D061DF5007B68F6 /* PBXContainerItemProxy */;
		};
		04C628E61D061DF5007B68F6 /* PBXTargetDependency */ = {
			isa = PBXTargetDependency;
			target = 04C628C41D061DF4007B68F6 /* Salik */;
			targetProxy = 04C628E51D061DF5007B68F6 /* PBXContainerItemProxy */;
		};
/* End PBXTargetDependency section */

/* Begin PBXVariantGroup section */
		04C628CC1D061DF5007B68F6 /* Main.storyboard */ = {
			isa = PBXVariantGroup;
			children = (
				04C628CD1D061DF5007B68F6 /* Base */,
			);
			name = Main.storyboard;
			sourceTree = "<group>";
		};
		04C628D11D061DF5007B68F6 /* LaunchScreen.storyboard */ = {
			isa = PBXVariantGroup;
			children = (
				04C628D21D061DF5007B68F6 /* Base */,
			);
			name = LaunchScreen.storyboard;
			sourceTree = "<group>";
		};
/* End PBXVariantGroup section */

/* Begin XCBuildConfiguration section */
		04C628EB1D061DF5007B68F6 /* Debug */ = {
			isa = XCBuildConfiguration;
			buildSettings = {
				ALWAYS_SEARCH_USER_PATHS = NO;
				CLANG_ANALYZER_NONNULL = YES;
				CLANG_CXX_LANGUAGE_STANDARD = "gnu++0x";
				CLANG_CXX_LIBRARY = "libc++";
				CLANG_ENABLE_MODULES = YES;
				CLANG_ENABLE_OBJC_ARC = YES;
				CLANG_WARN_BOOL_CONVERSION = YES;
				CLANG_WARN_CONSTANT_CONVERSION = YES;
				CLANG_WARN_DIRECT_OBJC_ISA_USAGE = YES_ERROR;
				CLANG_WARN_EMPTY_BODY = YES;
				CLANG_WARN_ENUM_CONVERSION = YES;
				CLANG_WARN_INT_CONVERSION = YES;
				CLANG_WARN_OBJC_ROOT_CLASS = YES_ERROR;
				CLANG_WARN_UNREACHABLE_CODE = YES;
				CLANG_WARN__DUPLICATE_METHOD_MATCH = YES;
				"CODE_SIGN_IDENTITY[sdk=iphoneos*]" = "iPhone Developer";
				COPY_PHASE_STRIP = NO;
				DEBUG_INFORMATION_FORMAT = dwarf;
				ENABLE_STRICT_OBJC_MSGSEND = YES;
				ENABLE_TESTABILITY = YES;
				GCC_C_LANGUAGE_STANDARD = gnu99;
				GCC_DYNAMIC_NO_PIC = NO;
				GCC_NO_COMMON_BLOCKS = YES;
				GCC_OPTIMIZATION_LEVEL = 0;
				GCC_PREPROCESSOR_DEFINITIONS = (
					"DEBUG=1",
					"$(inherited)",
				);
				GCC_WARN_64_TO_32_BIT_CONVERSION = YES;
				GCC_WARN_ABOUT_RETURN_TYPE = YES_ERROR;
				GCC_WARN_UNDECLARED_SELECTOR = YES;
				GCC_WARN_UNINITIALIZED_AUTOS = YES_AGGRESSIVE;
				GCC_WARN_UNUSED_FUNCTION = YES;
				GCC_WARN_UNUSED_VARIABLE = YES;
				IPHONEOS_DEPLOYMENT_TARGET = 9.3;
				MTL_ENABLE_DEBUG_INFO = YES;
				ONLY_ACTIVE_ARCH = YES;
				SDKROOT = iphoneos;
				SWIFT_OPTIMIZATION_LEVEL = "-Onone";
			};
			name = Debug;
		};
		04C628EC1D061DF5007B68F6 /* Release */ = {
			isa = XCBuildConfiguration;
			buildSettings = {
				ALWAYS_SEARCH_USER_PATHS = NO;
				CLANG_ANALYZER_NONNULL = YES;
				CLANG_CXX_LANGUAGE_STANDARD = "gnu++0x";
				CLANG_CXX_LIBRARY = "libc++";
				CLANG_ENABLE_MODULES = YES;
				CLANG_ENABLE_OBJC_ARC = YES;
				CLANG_WARN_BOOL_CONVERSION = YES;
				CLANG_WARN_CONSTANT_CONVERSION = YES;
				CLANG_WARN_DIRECT_OBJC_ISA_USAGE = YES_ERROR;
				CLANG_WARN_EMPTY_BODY = YES;
				CLANG_WARN_ENUM_CONVERSION = YES;
				CLANG_WARN_INT_CONVERSION = YES;
				CLANG_WARN_OBJC_ROOT_CLASS = YES_ERROR;
				CLANG_WARN_UNREACHABLE_CODE = YES;
				CLANG_WARN__DUPLICATE_METHOD_MATCH = YES;
				"CODE_SIGN_IDENTITY[sdk=iphoneos*]" = "iPhone Developer";
				COPY_PHASE_STRIP = NO;
				DEBUG_INFORMATION_FORMAT = "dwarf-with-dsym";
				ENABLE_NS_ASSERTIONS = NO;
				ENABLE_STRICT_OBJC_MSGSEND = YES;
				GCC_C_LANGUAGE_STANDARD = gnu99;
				GCC_NO_COMMON_BLOCKS = YES;
				GCC_WARN_64_TO_32_BIT_CONVERSION = YES;
				GCC_WARN_ABOUT_RETURN_TYPE = YES_ERROR;
				GCC_WARN_UNDECLARED_SELECTOR = YES;
				GCC_WARN_UNINITIALIZED_AUTOS = YES_AGGRESSIVE;
				GCC_WARN_UNUSED_FUNCTION = YES;
				GCC_WARN_UNUSED_VARIABLE = YES;
				IPHONEOS_DEPLOYMENT_TARGET = 9.3;
				MTL_ENABLE_DEBUG_INFO = NO;
				SDKROOT = iphoneos;
				VALIDATE_PRODUCT = YES;
			};
			name = Release;
		};
		04C628EE1D061DF5007B68F6 /* Debug */ = {
			isa = XCBuildConfiguration;
			baseConfigurationReference = 50CE34F6C4964212BB2DCE98 /* Pods-Salik.debug.xcconfig */;
			buildSettings = {
				ASSETCATALOG_COMPILER_APPICON_NAME = AppIcon;
				CODE_SIGN_IDENTITY = "iPhone Developer";
				"CODE_SIGN_IDENTITY[sdk=iphoneos*]" = "iPhone Developer";
				GCC_PREFIX_HEADER = "";
				INFOPLIST_FILE = Salik/Info.plist;
				IPHONEOS_DEPLOYMENT_TARGET = 8.0;
				LD_RUNPATH_SEARCH_PATHS = "$(inherited) @executable_path/Frameworks";
				PRODUCT_BUNDLE_IDENTIFIER = com.salik;
				PRODUCT_NAME = "$(TARGET_NAME)";
				PROVISIONING_PROFILE = "";
			};
			name = Debug;
		};
		04C628EF1D061DF5007B68F6 /* Release */ = {
			isa = XCBuildConfiguration;
			baseConfigurationReference = 2E55D3B3039734E04C110B0E /* Pods-Salik.release.xcconfig */;
			buildSettings = {
				ASSETCATALOG_COMPILER_APPICON_NAME = AppIcon;
				CODE_SIGN_IDENTITY = "iPhone Developer";
				"CODE_SIGN_IDENTITY[sdk=iphoneos*]" = "iPhone Developer";
				GCC_PREFIX_HEADER = "";
				INFOPLIST_FILE = Salik/Info.plist;
				IPHONEOS_DEPLOYMENT_TARGET = 8.0;
				LD_RUNPATH_SEARCH_PATHS = "$(inherited) @executable_path/Frameworks";
				PRODUCT_BUNDLE_IDENTIFIER = com.salik;
				PRODUCT_NAME = "$(TARGET_NAME)";
				PROVISIONING_PROFILE = "";
			};
			name = Release;
		};
		04C628F11D061DF5007B68F6 /* Debug */ = {
			isa = XCBuildConfiguration;
			baseConfigurationReference = 238FFD3CA6763580425E2C1C /* Pods-SalikTests.debug.xcconfig */;
			buildSettings = {
				BUNDLE_LOADER = "$(TEST_HOST)";
				INFOPLIST_FILE = SalikTests/Info.plist;
				LD_RUNPATH_SEARCH_PATHS = "$(inherited) @executable_path/Frameworks @loader_path/Frameworks";
				PRODUCT_BUNDLE_IDENTIFIER = com.salik.SalikTests;
				PRODUCT_NAME = "$(TARGET_NAME)";
				TEST_HOST = "$(BUILT_PRODUCTS_DIR)/Salik.app/Salik";
			};
			name = Debug;
		};
		04C628F21D061DF5007B68F6 /* Release */ = {
			isa = XCBuildConfiguration;
			baseConfigurationReference = EBC22C9C5E98AAA7E77EC24C /* Pods-SalikTests.release.xcconfig */;
			buildSettings = {
				BUNDLE_LOADER = "$(TEST_HOST)";
				INFOPLIST_FILE = SalikTests/Info.plist;
				LD_RUNPATH_SEARCH_PATHS = "$(inherited) @executable_path/Frameworks @loader_path/Frameworks";
				PRODUCT_BUNDLE_IDENTIFIER = com.salik.SalikTests;
				PRODUCT_NAME = "$(TARGET_NAME)";
				TEST_HOST = "$(BUILT_PRODUCTS_DIR)/Salik.app/Salik";
			};
			name = Release;
		};
		04C628F41D061DF5007B68F6 /* Debug */ = {
			isa = XCBuildConfiguration;
			baseConfigurationReference = CD374E62841884B134E472F6 /* Pods-SalikUITests.debug.xcconfig */;
			buildSettings = {
				INFOPLIST_FILE = SalikUITests/Info.plist;
				LD_RUNPATH_SEARCH_PATHS = "$(inherited) @executable_path/Frameworks @loader_path/Frameworks";
				PRODUCT_BUNDLE_IDENTIFIER = com.salik.SalikUITests;
				PRODUCT_NAME = "$(TARGET_NAME)";
				TEST_TARGET_NAME = Salik;
			};
			name = Debug;
		};
		04C628F51D061DF5007B68F6 /* Release */ = {
			isa = XCBuildConfiguration;
			baseConfigurationReference = BA33570E47F09837597E701F /* Pods-SalikUITests.release.xcconfig */;
			buildSettings = {
				INFOPLIST_FILE = SalikUITests/Info.plist;
				LD_RUNPATH_SEARCH_PATHS = "$(inherited) @executable_path/Frameworks @loader_path/Frameworks";
				PRODUCT_BUNDLE_IDENTIFIER = com.salik.SalikUITests;
				PRODUCT_NAME = "$(TARGET_NAME)";
				TEST_TARGET_NAME = Salik;
			};
			name = Release;
		};
/* End XCBuildConfiguration section */

/* Begin XCConfigurationList section */
		04C628C01D061DF4007B68F6 /* Build configuration list for PBXProject "Salik" */ = {
			isa = XCConfigurationList;
			buildConfigurations = (
				04C628EB1D061DF5007B68F6 /* Debug */,
				04C628EC1D061DF5007B68F6 /* Release */,
			);
			defaultConfigurationIsVisible = 0;
			defaultConfigurationName = Release;
		};
		04C628ED1D061DF5007B68F6 /* Build configuration list for PBXNativeTarget "Salik" */ = {
			isa = XCConfigurationList;
			buildConfigurations = (
				04C628EE1D061DF5007B68F6 /* Debug */,
				04C628EF1D061DF5007B68F6 /* Release */,
			);
			defaultConfigurationIsVisible = 0;
			defaultConfigurationName = Release;
		};
		04C628F01D061DF5007B68F6 /* Build configuration list for PBXNativeTarget "SalikTests" */ = {
			isa = XCConfigurationList;
			buildConfigurations = (
				04C628F11D061DF5007B68F6 /* Debug */,
				04C628F21D061DF5007B68F6 /* Release */,
			);
			defaultConfigurationIsVisible = 0;
			defaultConfigurationName = Release;
		};
		04C628F31D061DF5007B68F6 /* Build configuration list for PBXNativeTarget "SalikUITests" */ = {
			isa = XCConfigurationList;
			buildConfigurations = (
				04C628F41D061DF5007B68F6 /* Debug */,
				04C628F51D061DF5007B68F6 /* Release */,
			);
			defaultConfigurationIsVisible = 0;
			defaultConfigurationName = Release;
		};
/* End XCConfigurationList section */
	};
	rootObject = 04C628BD1D061DF4007B68F6 /* Project object */;
}
